
Microsoft Visual Studio Solution File, Format Version 12.00
# Visual Studio Version 16
VisualStudioVersion = 16.0.29409.12
MinimumVisualStudioVersion = 10.0.40219.1
Project("{FAE04EC0-301F-11D3-BF4B-00C04F79EFBC}") = "DigitalX", "DigitalX.csproj", "{BD4E7632-713A-45B0-96C8-41AADD8943B2}"
EndProject
Project("{FAE04EC0-301F-11D3-BF4B-00C04F79EFBC}") = "StockWebApi", "..\StockWebApi\StockWebApi.csproj", "{FD66AE9A-CF58-4F4C-8FC1-D744881DA6F3}"
EndProject
Global
	GlobalSection(SolutionConfigurationPlatforms) = preSolution
		Debug|Any CPU = Debug|Any CPU
		Release|Any CPU = Release|Any CPU
	EndGlobalSection
	GlobalSection(ProjectConfigurationPlatforms) = postSolution
		{BD4E7632-713A-45B0-96C8-41AADD8943B2}.Debug|Any CPU.ActiveCfg = Debug|Any CPU
		{BD4E7632-713A-45B0-96C8-41AADD8943B2}.Debug|Any CPU.Build.0 = Debug|Any CPU
		{BD4E7632-713A-45B0-96C8-41AADD8943B2}.Release|Any CPU.ActiveCfg = Release|Any CPU
		{BD4E7632-713A-45B0-96C8-41AADD8943B2}.Release|Any CPU.Build.0 = Release|Any CPU
		{FD66AE9A-CF58-4F4C-8FC1-D744881DA6F3}.Debug|Any CPU.ActiveCfg = Debug|Any CPU
		{FD66AE9A-CF58-4F4C-8FC1-D744881DA6F3}.Debug|Any CPU.Build.0 = Debug|Any CPU
		{FD66AE9A-CF58-4F4C-8FC1-D744881DA6F3}.Release|Any CPU.ActiveCfg = Release|Any CPU
		{FD66AE9A-CF58-4F4C-8FC1-D744881DA6F3}.Release|Any CPU.Build.0 = Release|Any CPU
	EndGlobalSection
	GlobalSection(SolutionProperties) = preSolution
		HideSolutionNode = FALSE
	EndGlobalSection
	GlobalSection(ExtensibilityGlobals) = postSolution
		SolutionGuid = {E997F08C-59B6-433E-B5A9-D7C6132D5538}
	EndGlobalSection
EndGlobal
